cloud.google.com/go v0.26.0/go.mod h1:aQUYkXzVsufM+DwF1aE+0xfcU+56JwCaLick0ClmMTw=
github.com/BurntSushi/toml v0.3.1/go.mod h1:xHWCNGjB5oqiDr8zfno3MHue2Ht5sIBksp03qcyfWMU=
github.com/Flaque/filet v0.0.0-20190209224823-fc4d33cfcf93 h1:NnAUCP75PRm8yWE7+MZBIAR6PA9iwsBYEc6ZNYOy+AQ=
github.com/Flaque/filet v0.0.0-20190209224823-fc4d33cfcf93/go.mod h1:TK+jB3mBs+8ZMWhU5BqZKnZWJ1MrLo8etNVg51ueTBo=
github.com/IBM/ibm-block-csi-driver v0.0.0-20190704074848-dc05a45b2ced h1:gzpL1NIGZVEDDae1ZyeOwB5tQytMjTHVXg3CUB5AM7M=
github.com/client9/misspell v0.3.4/go.mod h1:qj6jICC3Q7zFZvVWo7KLAzC3yx5G7kyvSDkc90ppPyw=
github.com/container-storage-interface/spec v1.1.0 h1:qPsTqtR1VUPvMPeK0UnCZMtXaKGyyLPG8gj/wG6VqMs=
github.com/container-storage-interface/spec v1.1.0/go.mod h1:6URME8mwIBbpVyZV93Ce5St17xBiQJQY67NDsuohiy4=
github.com/golang/glog v0.0.0-20160126235308-23def4e6c14b/go.mod h1:SBH7ygxi8pfUlaOkMMuAQtPIUF8ecWP5IEl/CR7VP2Q=
github.com/golang/mock v1.1.1 h1:G5FRp8JnTd7RQH5kemVNlMeyXQAztQ3mOWV95KxsXH8=
github.com/golang/mock v1.1.1/go.mod h1:oTYuIxOrZwtPieC+H1uAHpcLFnEyAGVDL/k47Jfbm0A=
github.com/golang/mock v1.2.0 h1:28o5sBqPkBsMGnC6b4MvE2TzSr5/AT4c/1fLqVGIwlk=
github.com/golang/mock v1.2.0/go.mod h1:oTYuIxOrZwtPieC+H1uAHpcLFnEyAGVDL/k47Jfbm0A=
github.com/golang/mock v1.3.1 h1:qGJ6qTW+x6xX/my+8YUVl4WNpX9B7+/l2tRsHGZ7f2s=
github.com/golang/mock v1.3.1/go.mod h1:sBzyDLLjw3U8JLTeZvSv8jJB+tU5PVekmnlKIyFUx0Y=
github.com/golang/protobuf v1.2.0 h1:P3YflyNX/ehuJFLhxviNdFxQPkGK5cDcApsge1SqnvM=
github.com/golang/protobuf v1.2.0/go.mod h1:6lQm79b+lXiMfvg/cZm0SGofjICqVBUtrP5yJMmIC1U=
github.com/google/go-cmp v0.2.0/go.mod h1:oXzfMopK8JAjlY9xF4vHSVASa0yLyX7SntLO5aqRK0M=
github.com/ibm/ibm-block-csi-driver v0.0.0-20190617074002-4a2be9926496 h1:9SV9CXMhrlXiiK8kYe35FnX7pns4zMeNm6UfhrCh8Dw=
github.com/ibm/ibm-block-csi-driver v0.0.0-20190704074848-dc05a45b2ced h1:Ys/pJtAmGe8w4R7ZSoDnde/9iuBBUd0rzLapKzYgPU4=
github.com/ibm/ibm-block-csi-driver v0.0.0-20190704074848-dc05a45b2ced/go.mod h1:Vw+sUQ2YRap0Kl2QMf79HCtptc3/xCw3sk75Q/43z/M=
github.com/kubernetes-csi/csi-lib-iscsi v0.0.0-20190415173011-c545557492f4 h1:l1S47NEAZwcJDdIpW8KGRU6vm9eOQvHgPk9ZwHVhKhQ=
github.com/kubernetes-csi/csi-lib-iscsi v0.0.0-20190415173011-c545557492f4/go.mod h1:4lv40oTBE8S2UI8H/w0/9GYPPv96vXIwVd/AhU0+ta0=
github.com/spf13/afero v1.2.2 h1:5jhuqJyZCZf2JRofRvN/nIFgIWNzPa3/Vz8mYylgbWc=
github.com/spf13/afero v1.2.2/go.mod h1:9ZxEEn6pIJ8Rxe320qSDBk6AsU0r9pR7Q4OcevTdifk=
github.com/tebeka/go2xunit v1.4.10/go.mod h1:wmc9jKT7KlU4QLU6DNTaIXNnYNOjKKNlp6mjOS0UrqY=
golang.org/x/crypto v0.0.0-20190308221718-c2843e01d9a2/go.mod h1:djNgcEr1/C05ACkg1iLfiJU5Ep61QUkGW8qpdssI0+w=
golang.org/x/lint v0.0.0-20190313153728-d0100b6bd8b3/go.mod h1:6SW0HCj/g11FgYtHlgUYUwCkIfeOF89ocIRzGO/8vkc=
golang.org/x/net v0.0.0-20190311183353-d8887717615a h1:oWX7TPOiFAMXLq8o0ikBYfCJVlRHBcsciT5bXOrH628=
golang.org/x/net v0.0.0-20190311183353-d8887717615a/go.mod h1:t9HGtf8HONx5eT2rtn7q6eTqICYqUVnKs3thJo3Qplg=
golang.org/x/oauth2 v0.0.0-20180821212333-d2e6202438be/go.mod h1:N/0e6XlmueqKjAGxoOufVs8QHGRruUQn6yWY3a++T0U=
golang.org/x/sync v0.0.0-20180314180146-1d60e4601c6f/go.mod h1:RxMgew5VJxzue5/jJTE5uejpjVlOe/izrB70Jof72aM=
golang.org/x/sync v0.0.0-20190423024810-112230192c58/go.mod h1:RxMgew5VJxzue5/jJTE5uejpjVlOe/izrB70Jof72aM=
golang.org/x/sys v0.0.0-20190215142949-d0b11bdaac8a h1:1BGLXjeY4akVXGgbC9HugT3Jv3hCI0z56oJR5vAMgBU=
golang.org/x/sys v0.0.0-20190215142949-d0b11bdaac8a/go.mod h1:STP8DvDyc/dI5b8T5hshtkjS+E42TnysNCUPdjciGhY=
golang.org/x/text v0.3.0 h1:g61tztE5qeGQ89tm6NTjjM9VPIm088od1l6aSorWRWg=
golang.org/x/text v0.3.0/go.mod h1:NqM8EUOU14njkJ3fqMW+pc6Ldnwhi/IjpwHt7yyuwOQ=
golang.org/x/tools v0.0.0-20190311212946-11955173bddd/go.mod h1:LCzVGOaR6xXOjkQ3onu1FJEFr0SW1gC7cKk1uF8kGRs=
golang.org/x/tools v0.0.0-20190425150028-36563e24a262/go.mod h1:RgjU9mgBXZiqYHBnxXauZ1Gv1EHHAz9KjViQ78xBX0Q=
golang.org/x/tools v0.0.0-20190524140312-2c0ae7006135/go.mod h1:RgjU9mgBXZiqYHBnxXauZ1Gv1EHHAz9KjViQ78xBX0Q=
google.golang.org/appengine v1.1.0/go.mod h1:EbEs0AVv82hx2wNQdGPgUI5lhzA/G0D9YwlJXL52JkM=
google.golang.org/genproto v0.0.0-20180817151627-c66870c02cf8 h1:Nw54tB0rB7hY/N0NQvRW8DG4Yk3Q6T9cu9RcFQDu1tc=
google.golang.org/genproto v0.0.0-20180817151627-c66870c02cf8/go.mod h1:JiN7NxoALGmiZfu7CAH4rXhgtRTLTxftemlI0sWmxmc=
google.golang.org/grpc v1.21.1 h1:j6XxA85m/6txkUCHvzlV5f+HBNl/1r5cZ2A/3IEFOO8=
google.golang.org/grpc v1.21.1/go.mod h1:oYelfM1adQP15Ek0mdvEgi9Df8B9CZIaU1084ijfRaM=
google.golang.org/grpc v1.22.0 h1:J0UbZOIrCAl+fpTOf8YLs4dJo8L/owV4LYVtAXQoPkw=
google.golang.org/grpc v1.22.0/go.mod h1:Y5yQAOtifL1yxbo5wqy6BxZv8vAUGQwXBOALyacEbxg=
gopkg.in/check.v1 v0.0.0-20161208181325-20d25e280405/go.mod h1:Co6ibVJAznAaIkqp8huTwlJQCZ016jof/cbN4VW5Yz0=
gopkg.in/yaml.v2 v2.2.2 h1:ZCJp+EgiOT7lHqUV2J862kp8Qj64Jo6az82+3Td9dZw=
gopkg.in/yaml.v2 v2.2.2/go.mod h1:hI93XBmqTisBFMUTm0b8Fm+jr3Dg1NNxqwp+5A1VGuI=
honnef.co/go/tools v0.0.0-20190102054323-c2f93a96b099/go.mod h1:rf3lG4BRIbNafJWhAfAdb/ePZxsR/4RtNHQocxwk9r4=
honnef.co/go/tools v0.0.0-20190523083050-ea95bdfd59fc/go.mod h1:rf3lG4BRIbNafJWhAfAdb/ePZxsR/4RtNHQocxwk9r4=
k8s.io/api v0.0.0-20181204000039-89a74a8d264d/go.mod h1:iuAfoD4hCxJ8Onx9kaTIt30j7jUFS00AXQi6QMi99vA=
k8s.io/apiextensions-apiserver v0.0.0-20181204003920-20c909e7c8c3/go.mod h1:IxkesAMoaCRoLrPJdZNZUQp9NfZnzqaVzLhb2VEQzXE=
k8s.io/apimachinery v0.0.0-20181127025237-2b1284ed4c93 h1:tT6oQBi0qwLbbZSfDkdIsb23EwaLY85hoAV4SpXfdao=
k8s.io/apimachinery v0.0.0-20181127025237-2b1284ed4c93/go.mod h1:ccL7Eh7zubPUSh9A3USN90/OzHNSVN6zxzde07TDCL0=
k8s.io/apiserver v0.0.0-20181204001702-9caa0299108f/go.mod h1:6bqaTSOSJavUIXUtfaR9Os9JtTCm8ZqH2SUl2S60C4w=
k8s.io/cli-runtime v0.0.0-20181121073402-2f0d1d0a58f2/go.mod h1:qWnH3/b8sp/l7EvlDh7ulDU3UWA4P4N1NFbEEP791tM=
k8s.io/client-go v2.0.0-alpha.0.0.20181213151034-8d9ed539ba31+incompatible/go.mod h1:7vJpHMYJwNQCWgzmNV+VYUl1zCObLyodBc8nIyt8L5s=
k8s.io/cloud-provider v0.0.0-20181121074215-9b77dc1c3846/go.mod h1:LlIffnLBu+GG7d4ppPzC8UnA1Ex8S+ntmSRVsnr7Xy4=
k8s.io/cluster-bootstrap v0.0.0-20181110194056-c71be3de9a2f/go.mod h1:iBSm2nwo3OaiuW8VDvc3ySDXK5SKfUrxwPvBloKG7zg=
k8s.io/csi-api v0.0.0-20181130072956-61a1735c3f50/go.mod h1:GH854hXKH+vaEO06X/DMiE/o3rVO1aw8dXJJpP7awjA=
k8s.io/klog v0.1.0/go.mod h1:Gq+BEi5rUBO/HRz0bTSXDUcqjScdoY3a9IHpCEIOOfk=
k8s.io/klog v0.3.3 h1:niceAagH1tzskmaie/icWd7ci1wbG7Bf2c6YGcQv+3c=
k8s.io/klog v0.3.3/go.mod h1:Gq+BEi5rUBO/HRz0bTSXDUcqjScdoY3a9IHpCEIOOfk=
k8s.io/kube-aggregator v0.0.0-20181206110645-d02c483df5c3/go.mod h1:8sbzT4QQKDEmSCIbfqjV0sd97GpUT7A4W626sBiYJmU=
k8s.io/kube-openapi v0.0.0-20181114233023-0317810137be/go.mod h1:BXM9ceUBTj2QnfH2MK1odQs778ajze1RxcmP6S8RVVc=
k8s.io/kubernetes v1.13.1 h1:IwCCcPOZwY9rKcQyBJYXAE4Wgma4oOW5NYR3HXKFfZ8=
k8s.io/kubernetes v1.13.1/go.mod h1:ocZa8+6APFNC2tX1DZASIbocyYT5jHzqFVsY5aoB7Jk=
k8s.io/utils v0.0.0-20181115163542-0d26856f57b3 h1:S3/Kq185JnolOEemhmDXXd23l2t4bX5hPQPQPADlF1E=
k8s.io/utils v0.0.0-20181115163542-0d26856f57b3/go.mod h1:8k8uAuAQ0rXslZKaEWd0c3oVhZz7sSzSiPnVZayjIX0=
